
Microsoft Visual Studio Solution File, Format Version 12.00
# Visual Studio 15
Project("{FAE04EC0-301F-11D3-BF4B-00C04F79EFBC}") = "Nobi.UiRoundedCorners", "Nobi.UiRoundedCorners.csproj", "{0F0BAA4D-2CF7-2673-B592-452A132737D9}"
EndProject
Project("{FAE04EC0-301F-11D3-BF4B-00C04F79EFBC}") = "Assembly-CSharp", "Assembly-CSharp.csproj", "{20D46912-814A-71B4-61C7-161A7AE517BE}"
EndProject
Global
	GlobalSection(SolutionConfigurationPlatforms) = preSolution
		Debug|Any CPU = Debug|Any CPU
		Release|Any CPU = Release|Any CPU
	EndGlobalSection
	GlobalSection(ProjectConfigurationPlatforms) = postSolution
		{0F0BAA4D-2CF7-2673-B592-452A132737D9}.Debug|Any CPU.ActiveCfg = Debug|Any CPU
		{0F0BAA4D-2CF7-2673-B592-452A132737D9}.Debug|Any CPU.Build.0 = Debug|Any CPU
		{0F0BAA4D-2CF7-2673-B592-452A132737D9}.Release|Any CPU.ActiveCfg = Release|Any CPU
		{0F0BAA4D-2CF7-2673-B592-452A132737D9}.Release|Any CPU.Build.0 = Release|Any CPU
		{20D46912-814A-71B4-61C7-161A7AE517BE}.Debug|Any CPU.ActiveCfg = Debug|Any CPU
		{20D46912-814A-71B4-61C7-161A7AE517BE}.Debug|Any CPU.Build.0 = Debug|Any CPU
		{20D46912-814A-71B4-61C7-161A7AE517BE}.Release|Any CPU.ActiveCfg = Release|Any CPU
		{20D46912-814A-71B4-61C7-161A7AE517BE}.Release|Any CPU.Build.0 = Release|Any CPU
	EndGlobalSection
	GlobalSection(SolutionProperties) = preSolution
		HideSolutionNode = FALSE
	EndGlobalSection
EndGlobal
